hash: 17a4b0bdbcb16bb82bf9eaca1fcfe39cbe693fc8e79b41a3374fa432c99514dd
updated: 2018-10-15T14:15:12.07884889-07:00
imports:
- name: github.com/gfodor/go-ghostscript
  version: ec52c961237052426ffe2c98297f9290924f1bae
  subpackages:
  - ghostscript
- name: github.com/google/btree
  version: 4030bb1f1f0c35b30ca7009e9ebd06849dd45306
- name: github.com/matoous/go-nanoid
  version: 3de1538a83bcb1749aa54482113e5cd06e4fb938
- name: github.com/peterbourgon/diskv
  version: 0646ccaebea1ed1539efcab30cae44019090093f
- name: golang.org/x/image
  version: 991ec62608f3c0da01d400756917825d1e2fd528
  subpackages:
  - riff
  - vp8
  - vp8l
  - webp
- name: golang.org/x/net
  version: 49bb7cea24b1df9410e1712aa6433dae904ff66a
  subpackages:
  - netutil
- name: gopkg.in/alexcesaro/statsd.v2
  version: 7fea3f0d2fab1ad973e641e51dba45443a311a90
- name: gopkg.in/yaml.v2
  version: 5420a8b6744d3b0345ab293f6fcba19c978f1183
- name: rsc.io/pdf
  version: c47d69cf462f804ff58ca63c61a8fb2aed76587e
testImports: []
