hash: 98b9b394bb1ea1915aad251f3ccc44ecd959c7c4a4082ac325a5c62ba2b5b460
updated: 2018-06-27T16:09:12.66718007Z
imports:
- name: github.com/discordapp/lilliput
  version: e611eea2a29a12d1363b5ceb31d3af3ef4012e9c
- name: github.com/gfodor/go-ghostscript
  version: 8648f5db343bf62db895270e114d098fa1685949
  subpackages:
  - ghostscript
- name: github.com/google/btree
  version: e89373fe6b4a7413d7acd6da1725b83ef713e6e4
- name: github.com/matoous/go-nanoid
  version: 958d370425a1ea42a4dd3c67d15bf02554a16b82
- name: github.com/peterbourgon/diskv
  version: 0646ccaebea1ed1539efcab30cae44019090093f
- name: golang.org/x/image
  version: 334384d9e19178a0488c9360d94d183c1ef0f711
  subpackages:
  - riff
  - vp8
  - vp8l
  - webp
- name: golang.org/x/net
  version: 0a9397675ba34b2845f758fe3cd68828369c6517
  subpackages:
  - netutil
- name: gopkg.in/yaml.v2
  version: cd8b52f8269e0feb286dfeef29f8fe4d5b397e0b
- name: rsc.io/pdf
  version: c47d69cf462f804ff58ca63c61a8fb2aed76587e
testImports: []
