hash: 7b525f2b9dc55b7dd17aa1889aee5acc608450b0a9ee751952464e3d6adeb5a1
updated: 2019-02-19T16:02:32.435327114-08:00
imports:
- name: github.com/gfodor/go-ghostscript
  version: 0df8f334a87e0453561a439eae27c19e33d37bd0
  subpackages:
  - ghostscript
- name: github.com/google/btree
  version: 4030bb1f1f0c35b30ca7009e9ebd06849dd45306
- name: github.com/matoous/go-nanoid
  version: eab626deece6c9806cfbe2290859eb31a934edb0
- name: github.com/mqp/lilliput
  version: 3725bd1f1842d57d53b9e4bcef46fe9295a1da4b
- name: github.com/peterbourgon/diskv
  version: 0646ccaebea1ed1539efcab30cae44019090093f
- name: golang.org/x/image
  version: ef4a1470e0dc5915f2f5fa04a28eeab72c6936a4
  subpackages:
  - riff
  - vp8
  - vp8l
  - webp
- name: gopkg.in/alexcesaro/statsd.v2
  version: 7fea3f0d2fab1ad973e641e51dba45443a311a90
- name: gopkg.in/yaml.v2
  version: 51d6538a90f86fe93ac480b35f37b2be17fef232
- name: rsc.io/pdf
  version: c47d69cf462f804ff58ca63c61a8fb2aed76587e
testImports: []
